
Microsoft Visual Studio Solution File, Format Version 12.00
# Visual Studio Version 17
VisualStudioVersion = 17.10.34928.147
MinimumVisualStudioVersion = 10.0.40219.1
Project("{888888A0-9F3D-457C-B088-3A5042F75D52}") = "BMSDatConverter", "BMSDatConverter\BMSDatConverter.pyproj", "{71CD3046-032F-430A-BA48-6DA5B57D88EB}"
EndProject
Global
	GlobalSection(SolutionConfigurationPlatforms) = preSolution
		Debug|Any CPU = Debug|Any CPU
		Release|Any CPU = Release|Any CPU
	EndGlobalSection
	GlobalSection(ProjectConfigurationPlatforms) = postSolution
		{71CD3046-032F-430A-BA48-6DA5B57D88EB}.Debug|Any CPU.ActiveCfg = Debug|Any CPU
		{71CD3046-032F-430A-BA48-6DA5B57D88EB}.Release|Any CPU.ActiveCfg = Release|Any CPU
	EndGlobalSection
	GlobalSection(SolutionProperties) = preSolution
		HideSolutionNode = FALSE
	EndGlobalSection
	GlobalSection(ExtensibilityGlobals) = postSolution
		SolutionGuid = {3C694AA0-68AA-4590-946D-76A45616DA95}
	EndGlobalSection
EndGlobal
